
Microsoft Visual Studio Solution File, Format Version 12.00
# Visual Studio Version 17
VisualStudioVersion = 17.0.32014.148
MinimumVisualStudioVersion = 10.0.40219.1
Project("{FAE04EC0-301F-11D3-BF4B-00C04F79EFBC}") = "ICL_SetPrinter", "ICL_SetPrinter\ICL_SetPrinter.csproj", "{459A853D-311A-47CC-B80B-B19B0BC2D1F4}"
EndProject
Global
	GlobalSection(SolutionConfigurationPlatforms) = preSolution
		Debug|Any CPU = Debug|Any CPU
		Release|Any CPU = Release|Any CPU
	EndGlobalSection
	GlobalSection(ProjectConfigurationPlatforms) = postSolution
		{459A853D-311A-47CC-B80B-B19B0BC2D1F4}.Debug|Any CPU.ActiveCfg = Debug|Any CPU
		{459A853D-311A-47CC-B80B-B19B0BC2D1F4}.Debug|Any CPU.Build.0 = Debug|Any CPU
		{459A853D-311A-47CC-B80B-B19B0BC2D1F4}.Release|Any CPU.ActiveCfg = Release|Any CPU
		{459A853D-311A-47CC-B80B-B19B0BC2D1F4}.Release|Any CPU.Build.0 = Release|Any CPU
	EndGlobalSection
	GlobalSection(SolutionProperties) = preSolution
		HideSolutionNode = FALSE
	EndGlobalSection
	GlobalSection(ExtensibilityGlobals) = postSolution
		SolutionGuid = {ED83D7DB-0250-4990-9C04-8F33445921CD}
	EndGlobalSection
EndGlobal
